[[package]]
name = "apscheduler"
version = "3.6.3"
description = "In-process task scheduler with Cron-like capabilities"
category = "main"
optional = false
python-versions = "*"

[package.dependencies]
pytz = "*"
six = ">=1.4.0"
tzlocal = ">=1.2"

[package.extras]
asyncio = ["trollius"]
doc = ["sphinx", "sphinx-rtd-theme"]
gevent = ["gevent"]
mongodb = ["pymongo (>=2.8)"]
redis = ["redis (>=3.0)"]
rethinkdb = ["rethinkdb (>=2.4.0)"]
sqlalchemy = ["sqlalchemy (>=0.8)"]
testing = ["pytest", "pytest-cov", "pytest-tornado5", "mock", "pytest-asyncio (<0.6)", "pytest-asyncio"]
tornado = ["tornado (>=4.3)"]
twisted = ["twisted"]
zookeeper = ["kazoo"]

[[package]]
name = "cachetools"
version = "4.2.2"
description = "Extensible memoizing collections and decorators"
category = "main"
optional = false
python-versions = "~=3.5"

[[package]]
name = "certifi"
version = "2021.10.8"
description = "Python package for providing Mozilla's CA Bundle."
category = "main"
optional = false
python-versions = "*"

[[package]]
name = "charset-normalizer"
version = "2.0.7"
description = "The Real First Universal Charset Detector. Open, modern and actively maintained alternative to Chardet."
category = "main"
optional = false
python-versions = ">=3.5.0"

[package.extras]
unicode_backport = ["unicodedata2"]

[[package]]
name = "idna"
version = "3.3"
description = "Internationalized Domain Names in Applications (IDNA)"
category = "main"
optional = false
python-versions = ">=3.5"

[[package]]
name = "imageio-ffmpeg"
version = "0.4.5"
description = "FFMPEG wrapper for Python"
category = "main"
optional = false
python-versions = ">=3.4"

[[package]]
name = "imutils"
version = "0.5.4"
description = "A series of convenience functions to make basic image processing functions such as translation, rotation, resizing, skeletonization, displaying Matplotlib images, sorting contours, detecting edges, and much more easier with OpenCV and both Python 2.7 and Python 3."
category = "main"
optional = false
python-versions = "*"

[[package]]
name = "llvmlite"
version = "0.38.0"
description = "lightweight wrapper around basic LLVM functionality"
category = "main"
optional = false
python-versions = ">=3.7,<3.11"

[[package]]
name = "numba"
version = "0.55.1"
description = "compiling Python code using LLVM"
category = "main"
optional = false
python-versions = ">=3.7,<3.11"

[package.dependencies]
llvmlite = ">=0.38.0rc1,<0.39"
numpy = ">=1.18,<1.22"

[[package]]
name = "numpy"
version = "1.21.3"
description = "NumPy is the fundamental package for array computing with Python."
category = "main"
optional = false
python-versions = ">=3.7,<3.11"

[[package]]
name = "opencv-python"
version = "4.5.4.58"
description = "Wrapper package for OpenCV python bindings."
category = "main"
optional = false
python-versions = ">=3.6"

[package.dependencies]
numpy = ">=1.21.2"

[[package]]
name = "pillow"
version = "9.0.0"
description = "Python Imaging Library (Fork)"
category = "main"
optional = false
python-versions = ">=3.7"

[[package]]
name = "pyimgur"
version = "0.6.0"
description = "The easy way of using Imgur."
category = "main"
optional = false
python-versions = "*"

[package.dependencies]
requests = "*"

[[package]]
name = "python-dotenv"
version = "0.19.1"
description = "Read key-value pairs from a .env file and set them as environment variables"
category = "main"
optional = false
python-versions = ">=3.5"

[package.extras]
cli = ["click (>=5.0)"]

[[package]]
name = "python-telegram-bot"
version = "13.7"
description = "We have made you a wrapper you can't refuse"
category = "main"
optional = false
python-versions = ">=3.6"

[package.dependencies]
APScheduler = "3.6.3"
cachetools = "4.2.2"
certifi = "*"
pytz = ">=2018.6"
tornado = ">=6.1"

[package.extras]
json = ["ujson"]
passport = ["cryptography (!=3.4,!=3.4.1,!=3.4.2,!=3.4.3)"]
socks = ["pysocks"]

[[package]]
name = "pytz"
version = "2021.3"
description = "World timezone definitions, modern and historical"
category = "main"
optional = false
python-versions = "*"

[[package]]
name = "pytz-deprecation-shim"
version = "0.1.0.post0"
description = "Shims to make deprecation of pytz easier"
category = "main"
optional = false
python-versions = "!=3.0.*,!=3.1.*,!=3.2.*,!=3.3.*,!=3.4.*,!=3.5.*,>=2.7"

[package.dependencies]
tzdata = {version = "*", markers = "python_version >= \"3.6\""}

[[package]]
name = "requests"
version = "2.26.0"
description = "Python HTTP for Humans."
category = "main"
optional = false
python-versions = ">=2.7, !=3.0.*, !=3.1.*, !=3.2.*, !=3.3.*, !=3.4.*, !=3.5.*"

[package.dependencies]
certifi = ">=2017.4.17"
charset-normalizer = {version = ">=2.0.0,<2.1.0", markers = "python_version >= \"3\""}
idna = {version = ">=2.5,<4", markers = "python_version >= \"3\""}
urllib3 = ">=1.21.1,<1.27"

[package.extras]
socks = ["PySocks (>=1.5.6,!=1.5.7)", "win-inet-pton"]
use_chardet_on_py3 = ["chardet (>=3.0.2,<5)"]

[[package]]
name = "six"
version = "1.16.0"
description = "Python 2 and 3 compatibility utilities"
category = "main"
optional = false
python-versions = ">=2.7, !=3.0.*, !=3.1.*, !=3.2.*"

[[package]]
name = "tornado"
version = "6.1"
description = "Tornado is a Python web framework and asynchronous networking library, originally developed at FriendFeed."
category = "main"
optional = false
python-versions = ">= 3.5"

[[package]]
name = "tzdata"
version = "2021.5"
description = "Provider of IANA time zone data"
category = "main"
optional = false
python-versions = ">=2"

[[package]]
name = "tzlocal"
version = "4.1"
description = "tzinfo object for the local timezone"
category = "main"
optional = false
python-versions = ">=3.6"

[package.dependencies]
pytz-deprecation-shim = "*"
tzdata = {version = "*", markers = "platform_system == \"Windows\""}

[package.extras]
devenv = ["black", "pyroma", "pytest-cov", "zest.releaser"]
test = ["pytest-mock (>=3.3)", "pytest (>=4.3)"]

[[package]]
name = "urllib3"
version = "1.26.7"
description = "HTTP library with thread-safe connection pooling, file post, and more."
category = "main"
optional = false
python-versions = ">=2.7, !=3.0.*, !=3.1.*, !=3.2.*, !=3.3.*, !=3.4.*, <4"

[package.extras]
brotli = ["brotlipy (>=0.6.0)"]
secure = ["pyOpenSSL (>=0.14)", "cryptography (>=1.3.4)", "idna (>=2.0.0)", "certifi", "ipaddress"]
socks = ["PySocks (>=1.5.6,!=1.5.7,<2.0)"]

[metadata]
lock-version = "1.1"
python-versions = "3.9.7"
content-hash = "2e1548bb46c3d0ff93951fe9498d830baf065371a0d11a64b0a7a036f277d522"

[metadata.files]
apscheduler = [
    {file = "APScheduler-3.6.3-py2.py3-none-any.whl", hash = "sha256:e8b1ecdb4c7cb2818913f766d5898183c7cb8936680710a4d3a966e02262e526"},
    {file = "APScheduler-3.6.3.tar.gz", hash = "sha256:3bb5229eed6fbbdafc13ce962712ae66e175aa214c69bed35a06bffcf0c5e244"},
]
cachetools = [
    {file = "cachetools-4.2.2-py3-none-any.whl", hash = "sha256:2cc0b89715337ab6dbba85b5b50effe2b0c74e035d83ee8ed637cf52f12ae001"},
    {file = "cachetools-4.2.2.tar.gz", hash = "sha256:61b5ed1e22a0924aed1d23b478f37e8d52549ff8a961de2909c69bf950020cff"},
]
certifi = [
    {file = "certifi-2021.10.8-py2.py3-none-any.whl", hash = "sha256:d62a0163eb4c2344ac042ab2bdf75399a71a2d8c7d47eac2e2ee91b9d6339569"},
    {file = "certifi-2021.10.8.tar.gz", hash = "sha256:78884e7c1d4b00ce3cea67b44566851c4343c120abd683433ce934a68ea58872"},
]
charset-normalizer = [
    {file = "charset-normalizer-2.0.7.tar.gz", hash = "sha256:e019de665e2bcf9c2b64e2e5aa025fa991da8720daa3c1138cadd2fd1856aed0"},
    {file = "charset_normalizer-2.0.7-py3-none-any.whl", hash = "sha256:f7af805c321bfa1ce6714c51f254e0d5bb5e5834039bc17db7ebe3a4cec9492b"},
]
idna = [
    {file = "idna-3.3-py3-none-any.whl", hash = "sha256:84d9dd047ffa80596e0f246e2eab0b391788b0503584e8945f2368256d2735ff"},
    {file = "idna-3.3.tar.gz", hash = "sha256:9d643ff0a55b762d5cdb124b8eaa99c66322e2157b69160bc32796e824360e6d"},
]
imageio-ffmpeg = [
    {file = "imageio-ffmpeg-0.4.5.tar.gz", hash = "sha256:f2ea4245a2adad25dedf98d343159579167e549ac8c4691cef5eff980e20c139"},
    {file = "imageio_ffmpeg-0.4.5-py3-none-macosx_10_9_intel.macosx_10_9_x86_64.macosx_10_10_intel.macosx_10_10_x86_64.whl", hash = "sha256:266601aab7619acf6ff78cd5ba78b5a593a1119a96d266d33b88bfcd01bbd3ca"},
    {file = "imageio_ffmpeg-0.4.5-py3-none-manylinux2010_x86_64.whl", hash = "sha256:f127b8cdd842e8398de5f2aef23c687ae75d4d964e1df2ea3a9ff03e92a370e7"},
    {file = "imageio_ffmpeg-0.4.5-py3-none-manylinux2014_aarch64.whl", hash = "sha256:db4d318f640419037a0df29bb11b1022f2f8094c90b4aac8affc7177b8ce4641"},
    {file = "imageio_ffmpeg-0.4.5-py3-none-win32.whl", hash = "sha256:39a9ab4326bdf5eae3457961dfdfb4317078659ebe4e6980914ac897a462aeb2"},
    {file = "imageio_ffmpeg-0.4.5-py3-none-win_amd64.whl", hash = "sha256:d2ba8339eecc02fa73a6b85c34654c49a7c78d732a1ac76478d11224e6cfa902"},
]
imutils = [
    {file = "imutils-0.5.4.tar.gz", hash = "sha256:03827a9fca8b5c540305c0844a62591cf35a0caec199cb0f2f0a4a0fb15d8f24"},
]
llvmlite = [
    {file = "llvmlite-0.38.0-cp310-cp310-macosx_10_9_x86_64.whl", hash = "sha256:0497a19428083a0544663732a925994d74e3b15c3c94946c6e7b6bf21a391264"},
    {file = "llvmlite-0.38.0-cp310-cp310-manylinux_2_17_aarch64.manylinux2014_aarch64.whl", hash = "sha256:b040d392e998582883cd680e81afb4cd2d331d69cb93d605c735bfd2caa09805"},
    {file = "llvmlite-0.38.0-cp310-cp310-manylinux_2_17_i686.manylinux2014_i686.whl", hash = "sha256:8b88cc3c6c0010df8a720c777ef1c0879d304404e0727c4ac9e3dc98d5815e10"},
    {file = "llvmlite-0.38.0-cp310-cp310-manylinux_2_17_x86_64.manylinux2014_x86_64.whl", hash = "sha256:87805405ccdd1add51f51d85997fbff01c920adf4da600dbe197e1f3eebd1e57"},
    {file = "llvmlite-0.38.0-cp310-cp310-win32.whl", hash = "sha256:17140e1462aa7f9250428fff7dd24187ea30498034a832bdb7385cbdc28fd4bf"},
    {file = "llvmlite-0.38.0-cp310-cp310-win_amd64.whl", hash = "sha256:c0f11feda33f2b49abf5acc11828eebb3098050bbf6cd1cd75e2b05eb7676cb1"},
    {file = "llvmlite-0.38.0-cp37-cp37m-macosx_10_9_x86_64.whl", hash = "sha256:f7a438917c30e87ac79bb89c773c100560dc346e0f0b03aabd88a6f6de3556c6"},
    {file = "llvmlite-0.38.0-cp37-cp37m-manylinux_2_17_aarch64.manylinux2014_aarch64.whl", hash = "sha256:2e8bbb8e97d7cc0b6d124ba9f8577955fdc7639715f925c410abe02d2bc92862"},
    {file = "llvmlite-0.38.0-cp37-cp37m-manylinux_2_17_i686.manylinux2014_i686.whl", hash = "sha256:5845432b4660c530d27c46434b9669290f205d9b1c1e02e52f43f6d11782b4be"},
    {file = "llvmlite-0.38.0-cp37-cp37m-manylinux_2_17_x86_64.manylinux2014_x86_64.whl", hash = "sha256:6a91e25488609cc91db91de206e023b7fe0889ac007adb31c713e685384497ba"},
    {file = "llvmlite-0.38.0-cp37-cp37m-win32.whl", hash = "sha256:2426bfff67fdab577c7d5321c252d880434911caa6f9152f5be98da71b30e084"},
    {file = "llvmlite-0.38.0-cp37-cp37m-win_amd64.whl", hash = "sha256:6b48c8fffc3512a2e97c6f70deb09eb49c419af66ced79e317cc2323117dcec6"},
    {file = "llvmlite-0.38.0-cp38-cp38-macosx_10_9_x86_64.whl", hash = "sha256:e1095557a27b041f1217036e568a5449d4b385c2415cb4316b2f5476f96e9a58"},
    {file = "llvmlite-0.38.0-cp38-cp38-manylinux_2_17_aarch64.manylinux2014_aarch64.whl", hash = "sha256:081d9c36d8e012b86bac02af49e225d883975ab5978ba33c3cc291474620c84d"},
    {file = "llvmlite-0.38.0-cp38-cp38-manylinux_2_17_i686.manylinux2014_i686.whl", hash = "sha256:63e178c6f7872a39572e210cb266fb6db6386f5e622e2d8c79491b6d8c7aa942"},
    {file = "llvmlite-0.38.0-cp38-cp38-manylinux_2_17_x86_64.manylinux2014_x86_64.whl", hash = "sha256:48558fddce5ff351f9de98beff35888aa351598e5635b3b91d67ec9e10d458cc"},
    {file = "llvmlite-0.38.0-cp38-cp38-win32.whl", hash = "sha256:7e07bacc2bb2ef1bf33dbf64d4bd13330baeae2287902100b144e43bcd1b066b"},
    {file = "llvmlite-0.38.0-cp38-cp38-win_amd64.whl", hash = "sha256:37b66bf3624dd0b3739b4cf1b3cc3735dbe7799bc90d2a7a79a54b0ce37e1a38"},
    {file = "llvmlite-0.38.0-cp39-cp39-macosx_10_9_x86_64.whl", hash = "sha256:f43861f382b954fbf2ff88db5f13b00ac11ec4353445d3ba80e1eadcdd06c149"},
    {file = "llvmlite-0.38.0-cp39-cp39-manylinux_2_17_aarch64.manylinux2014_aarch64.whl", hash = "sha256:0fb7cb2907814dd03a152549d1c4dfee4854881d9cc7da85414b77903a681aa6"},
    {file = "llvmlite-0.38.0-cp39-cp39-manylinux_2_17_i686.manylinux2014_i686.whl", hash = "sha256:c967b96d708556597e003217fd99f0c20e73d09c91d6d5054c538becc396ba79"},
    {file = "llvmlite-0.38.0-cp39-cp39-manylinux_2_17_x86_64.manylinux2014_x86_64.whl", hash = "sha256:3f7b2838898c80557e959f83fb28d260e5e2301396f34830f3ec6811ae53f6be"},
    {file = "llvmlite-0.38.0-cp39-cp39-win32.whl", hash = "sha256:de321a680690d1ce040f34294d215ed0ac5fdcf7c98f044d11ac9b9d9ebc969f"},
    {file = "llvmlite-0.38.0-cp39-cp39-win_amd64.whl", hash = "sha256:70734d46c2611f3fe765985fe356aaec393dc79bbd735f7f4d23f910b5148dc3"},
    {file = "llvmlite-0.38.0.tar.gz", hash = "sha256:a99d166ccf3b116f3b9ed23b9b70ba2415640a9c978f3aaa13fad49c58f4965c"},
]
numba = [
    {file = "numba-0.55.1-1-cp310-cp310-manylinux2014_aarch64.manylinux_2_17_aarch64.whl", hash = "sha256:be56fb78303973e6c19c7c2759996a5863bac69ca87570543d9f18f2f287a441"},
    {file = "numba-0.55.1-1-cp310-cp310-manylinux2014_i686.manylinux_2_17_i686.whl", hash = "sha256:ee71407be9cba09b4f68afa668317e97d66d5f83c37ab4caa20d8abcf5fad32b"},
    {file = "numba-0.55.1-1-cp310-cp310-manylinux2014_x86_64.manylinux_2_17_x86_64.whl", hash = "sha256:39a109efc317e8eb786feff0a29476036971ce08e3280be8153c3b6c1ccba415"},
    {file = "numba-0.55.1-1-cp37-cp37m-manylinux2014_aarch64.manylinux_2_17_aarch64.whl", hash = "sha256:0dc8294b2b6b2dbe3a709787bbb1e6f9dcef62197429de8daaa714d77052eefe"},
    {file = "numba-0.55.1-1-cp37-cp37m-manylinux2014_i686.manylinux_2_17_i686.whl", hash = "sha256:bcd5e09dba5e19ff7a1b9716a1ce58f0931cec09515683011e57415c6a33ac3d"},
    {file = "numba-0.55.1-1-cp37-cp37m-manylinux2014_x86_64.manylinux_2_17_x86_64.whl", hash = "sha256:64209d71b1e33415d5b1b177ed218d679062f844667dd279ee9094c4e3e2babc"},
    {file = "numba-0.55.1-1-cp38-cp38-manylinux2014_aarch64.manylinux_2_17_aarch64.whl", hash = "sha256:ff5ed5c7665f8a5405af53332d224caca68358909abde9ca8dfef3495cdea789"},
    {file = "numba-0.55.1-1-cp38-cp38-manylinux2014_i686.manylinux_2_17_i686.whl", hash = "sha256:d80afc5618e66af2d101eff0e6214acb865136ae886d8b01414ca3dedd9166d6"},
    {file = "numba-0.55.1-1-cp38-cp38-manylinux2014_x86_64.manylinux_2_17_x86_64.whl", hash = "sha256:6d0042371880fa56ed58be27502b11a08bff0b6335f0ebde82af1a7aef5e1287"},
    {file = "numba-0.55.1-1-cp39-cp39-manylinux2014_aarch64.manylinux_2_17_aarch64.whl", hash = "sha256:4a5cb8930e729aeed96809524ca4df41b6f2432b379f220014ef4fdff21dbfe6"},
    {file = "numba-0.55.1-1-cp39-cp39-manylinux2014_i686.manylinux_2_17_i686.whl", hash = "sha256:fee529ddc9c0584b932f7885735162e52344eded8c01c78c17e2768aa6787780"},
    {file = "numba-0.55.1-1-cp39-cp39-manylinux2014_x86_64.manylinux_2_17_x86_64.whl", hash = "sha256:230e542649c7087454bc851d2e22b5e15694b6cf0549a27234d1baea6c2e0a87"},
    {file = "numba-0.55.1-cp310-cp310-macosx_10_14_x86_64.whl", hash = "sha256:adc88fe64f5235c8b1e7230ae29476a08ffb61a65e9f79f745bd357f215e2d52"},
    {file = "numba-0.55.1-cp310-cp310-win32.whl", hash = "sha256:a5af7f1d30f56029d1b9ea288372f924f9dcb322f0e6358f6d5203b20eb6f7a0"},
    {file = "numba-0.55.1-cp310-cp310-win_amd64.whl", hash = "sha256:71815c501b2f6309c432e98ff93a582a9bfb61da943e0cb9a52595fadbb1131d"},
    {file = "numba-0.55.1-cp37-cp37m-macosx_10_14_x86_64.whl", hash = "sha256:53909143917ea4962cfbfae7038ac882987ff54cb2c408538ce71f83b356f106"},
    {file = "numba-0.55.1-cp37-cp37m-win32.whl", hash = "sha256:cddc13939e2b27782258826686800ae9c2e90b35c36ef1ab5ccfae7cedca0516"},
    {file = "numba-0.55.1-cp37-cp37m-win_amd64.whl", hash = "sha256:ac6ae19ff5093a42bf8b365550322a2e39650d608daa379dff71571272d88d93"},
    {file = "numba-0.55.1-cp38-cp38-macosx_10_14_x86_64.whl", hash = "sha256:77187ed09e6b25ae24b840e1acc4b5f9886b551cdc5f919ddad8e5933a6027d5"},
    {file = "numba-0.55.1-cp38-cp38-win32.whl", hash = "sha256:53ee562b873e00eaa26390690ac5d36b706782d429e5a18b255161f607f13c17"},
    {file = "numba-0.55.1-cp38-cp38-win_amd64.whl", hash = "sha256:02fb0ecd218ab1e1171cbaee11235a3a1f7dcf79dee3fa786243a2a6411f2fea"},
    {file = "numba-0.55.1-cp39-cp39-macosx_10_14_x86_64.whl", hash = "sha256:6aa8f18a003a0e4876826fe080e6038fc6da083899873b77172ec29c32e49b56"},
    {file = "numba-0.55.1-cp39-cp39-win32.whl", hash = "sha256:d5ee721ce884f8313802295633fdd3e7c83541e0917bafea2bdfed6aabab93bf"},
    {file = "numba-0.55.1-cp39-cp39-win_amd64.whl", hash = "sha256:b72350160eb9a73a36aa17d808f954353a263a0295d495497c87439d79bdaec7"},
    {file = "numba-0.55.1.tar.gz", hash = "sha256:03e9069a2666d1c84f93b00dbd716fb8fedde8bb2c6efafa2f04842a46442ea3"},
]
numpy = [
    {file = "numpy-1.21.3-cp310-cp310-macosx_10_9_universal2.whl", hash = "sha256:508b0b513fa1266875524ba8a9ecc27b02ad771fe1704a16314dc1a816a68737"},
    {file = "numpy-1.21.3-cp310-cp310-macosx_11_0_arm64.whl", hash = "sha256:5dfe9d6a4c39b8b6edd7990091fea4f852888e41919d0e6722fe78dd421db0eb"},
    {file = "numpy-1.21.3-cp310-cp310-manylinux_2_17_aarch64.manylinux2014_aarch64.whl", hash = "sha256:8a10968963640e75cc0193e1847616ab4c718e83b6938ae74dea44953950f6b7"},
    {file = "numpy-1.21.3-cp310-cp310-manylinux_2_17_x86_64.manylinux2014_x86_64.whl", hash = "sha256:49c6249260890e05b8111ebfc391ed58b3cb4b33e63197b2ec7f776e45330721"},
    {file = "numpy-1.21.3-cp310-cp310-win_amd64.whl", hash = "sha256:f8f4625536926a155b80ad2bbff44f8cc59e9f2ad14cdda7acf4c135b4dc8ff2"},
    {file = "numpy-1.21.3-cp37-cp37m-macosx_10_9_x86_64.whl", hash = "sha256:e54af82d68ef8255535a6cdb353f55d6b8cf418a83e2be3569243787a4f4866f"},
    {file = "numpy-1.21.3-cp37-cp37m-manylinux_2_12_i686.manylinux2010_i686.whl", hash = "sha256:f41b018f126aac18583956c54544db437f25c7ee4794bcb23eb38bef8e5e192a"},
    {file = "numpy-1.21.3-cp37-cp37m-manylinux_2_12_x86_64.manylinux2010_x86_64.whl", hash = "sha256:50cd26b0cf6664cb3b3dd161ba0a09c9c1343db064e7c69f9f8b551f5104d654"},
    {file = "numpy-1.21.3-cp37-cp37m-manylinux_2_17_aarch64.manylinux2014_aarch64.whl", hash = "sha256:4cc9b512e9fb590797474f58b7f6d1f1b654b3a94f4fa8558b48ca8b3cfc97cf"},
    {file = "numpy-1.21.3-cp37-cp37m-manylinux_2_5_i686.manylinux1_i686.whl", hash = "sha256:88a5d6b268e9ad18f3533e184744acdaa2e913b13148160b1152300c949bbb5f"},
    {file = "numpy-1.21.3-cp37-cp37m-manylinux_2_5_x86_64.manylinux1_x86_64.whl", hash = "sha256:3c09418a14471c7ae69ba682e2428cae5b4420a766659605566c0fa6987f6b7e"},
    {file = "numpy-1.21.3-cp37-cp37m-win32.whl", hash = "sha256:90bec6a86b348b4559b6482e2b684db4a9a7eed1fa054b86115a48d58fbbf62a"},
    {file = "numpy-1.21.3-cp37-cp37m-win_amd64.whl", hash = "sha256:043e83bfc274649c82a6f09836943e4a4aebe5e33656271c7dbf9621dd58b8ec"},
    {file = "numpy-1.21.3-cp38-cp38-macosx_10_9_universal2.whl", hash = "sha256:75621882d2230ab77fb6a03d4cbccd2038511491076e7964ef87306623aa5272"},
    {file = "numpy-1.21.3-cp38-cp38-macosx_10_9_x86_64.whl", hash = "sha256:188031f833bbb623637e66006cf75e933e00e7231f67e2b45cf8189612bb5dc3"},
    {file = "numpy-1.21.3-cp38-cp38-macosx_11_0_arm64.whl", hash = "sha256:160ccc1bed3a8371bf0d760971f09bfe80a3e18646620e9ded0ad159d9749baa"},
    {file = "numpy-1.21.3-cp38-cp38-manylinux_2_12_i686.manylinux2010_i686.whl", hash = "sha256:29fb3dcd0468b7715f8ce2c0c2d9bbbaf5ae686334951343a41bd8d155c6ea27"},
    {file = "numpy-1.21.3-cp38-cp38-manylinux_2_12_x86_64.manylinux2010_x86_64.whl", hash = "sha256:32437f0b275c1d09d9c3add782516413e98cd7c09e6baf4715cbce781fc29912"},
    {file = "numpy-1.21.3-cp38-cp38-manylinux_2_17_aarch64.manylinux2014_aarch64.whl", hash = "sha256:e606e6316911471c8d9b4618e082635cfe98876007556e89ce03d52ff5e8fcf0"},
    {file = "numpy-1.21.3-cp38-cp38-manylinux_2_5_i686.manylinux1_i686.whl", hash = "sha256:a99a6b067e5190ac6d12005a4d85aa6227c5606fa93211f86b1dafb16233e57d"},
    {file = "numpy-1.21.3-cp38-cp38-manylinux_2_5_x86_64.manylinux1_x86_64.whl", hash = "sha256:dde972a1e11bb7b702ed0e447953e7617723760f420decb97305e66fb4afc54f"},
    {file = "numpy-1.21.3-cp38-cp38-win32.whl", hash = "sha256:fe52dbe47d9deb69b05084abd4b0df7abb39a3c51957c09f635520abd49b29dd"},
    {file = "numpy-1.21.3-cp38-cp38-win_amd64.whl", hash = "sha256:75eb7cadc8da49302f5b659d40ba4f6d94d5045fbd9569c9d058e77b0514c9e4"},
    {file = "numpy-1.21.3-cp39-cp39-macosx_10_9_universal2.whl", hash = "sha256:2a6ee9620061b2a722749b391c0d80a0e2ae97290f1b32e28d5a362e21941ee4"},
    {file = "numpy-1.21.3-cp39-cp39-macosx_10_9_x86_64.whl", hash = "sha256:5c4193f70f8069550a1788bd0cd3268ab7d3a2b70583dfe3b2e7f421e9aace06"},
    {file = "numpy-1.21.3-cp39-cp39-macosx_11_0_arm64.whl", hash = "sha256:28f15209fb535dd4c504a7762d3bc440779b0e37d50ed810ced209e5cea60d96"},
    {file = "numpy-1.21.3-cp39-cp39-manylinux_2_12_i686.manylinux2010_i686.whl", hash = "sha256:c6c2d535a7beb1f8790aaa98fd089ceab2e3dd7ca48aca0af7dc60e6ef93ffe1"},
    {file = "numpy-1.21.3-cp39-cp39-manylinux_2_12_x86_64.manylinux2010_x86_64.whl", hash = "sha256:bffa2eee3b87376cc6b31eee36d05349571c236d1de1175b804b348dc0941e3f"},
    {file = "numpy-1.21.3-cp39-cp39-manylinux_2_17_aarch64.manylinux2014_aarch64.whl", hash = "sha256:cc14e7519fab2a4ed87d31f99c31a3796e4e1fe63a86ebdd1c5a1ea78ebd5896"},
    {file = "numpy-1.21.3-cp39-cp39-win32.whl", hash = "sha256:dd0482f3fc547f1b1b5d6a8b8e08f63fdc250c58ce688dedd8851e6e26cff0f3"},
    {file = "numpy-1.21.3-cp39-cp39-win_amd64.whl", hash = "sha256:300321e3985c968e3ae7fbda187237b225f3ffe6528395a5b7a5407f73cf093e"},
    {file = "numpy-1.21.3-pp37-pypy37_pp73-manylinux_2_12_x86_64.manylinux2010_x86_64.whl", hash = "sha256:98339aa9911853f131de11010f6dd94c8cec254d3d1f7261528c3b3e3219f139"},
    {file = "numpy-1.21.3.zip", hash = "sha256:63571bb7897a584ca3249c86dd01c10bcb5fe4296e3568b2e9c1a55356b6410e"},
]
opencv-python = [
    {file = "opencv-python-4.5.4.58.tar.gz", hash = "sha256:48288428f407bacba5f73d460feb4a1ecafe87db3d7cfc0730a49fb32f589bbf"},
    {file = "opencv_python-4.5.4.58-cp310-cp310-macosx_11_0_arm64.whl", hash = "sha256:0eba0bfe62c48a02a5af3a0944e872c99f57f98653bed14d51c6991a58f9e1d1"},
    {file = "opencv_python-4.5.4.58-cp310-cp310-macosx_11_0_x86_64.whl", hash = "sha256:9bcca50c5444b5cfb01624666b69f91ba8f2d2bf4ef37b111697aafdeb81c99f"},
    {file = "opencv_python-4.5.4.58-cp310-cp310-manylinux2014_aarch64.whl", hash = "sha256:8f7886acabaebf0361bd3dbccaa0d08e3f65ab13b7c739eb11e028f01ad13582"},
    {file = "opencv_python-4.5.4.58-cp310-cp310-manylinux2014_x86_64.whl", hash = "sha256:d4b1d0b98ee72ba5dd720166790fc93ce459281e138ee79b0d41420b3da52b2e"},
    {file = "opencv_python-4.5.4.58-cp310-cp310-win32.whl", hash = "sha256:69a78e40a374ac14e4bf15a13dbb6c30fd2fbd5fcd3674d020a31b88861d5aaf"},
    {file = "opencv_python-4.5.4.58-cp310-cp310-win_amd64.whl", hash = "sha256:315c357522b6310ef7a0718d9f0c5d3110e59c19140705499a3c29bdd8c0124f"},
    {file = "opencv_python-4.5.4.58-cp36-cp36m-macosx_10_15_x86_64.whl", hash = "sha256:887a61097092dc0bf23fa24646dbc8cfeeb753649cb28a3782a93a6879e3b7d2"},
    {file = "opencv_python-4.5.4.58-cp36-cp36m-manylinux2014_aarch64.whl", hash = "sha256:22bcc3153a7d4f95aff79457eef81ef5e40ab1851b189e014412b5e9fbee2573"},
    {file = "opencv_python-4.5.4.58-cp36-cp36m-manylinux2014_x86_64.whl", hash = "sha256:92e9b2261ec764229c948d77fe0d922ee033348ca6519939b87861016c1614b3"},
    {file = "opencv_python-4.5.4.58-cp36-cp36m-win32.whl", hash = "sha256:0d6249a49122a78afc6685ddb1377a87e46414ae61c84535c4c6024397f1f3e8"},
    {file = "opencv_python-4.5.4.58-cp36-cp36m-win_amd64.whl", hash = "sha256:eaa144013b597e4dcabc8d8230edfe810319de01b5609556d415a20e2b707547"},
    {file = "opencv_python-4.5.4.58-cp37-cp37m-macosx_10_15_x86_64.whl", hash = "sha256:26feeeb280de179f5dbb8976ebf7ceb836bd263973cb5daec8ca36e8ef7b5773"},
    {file = "opencv_python-4.5.4.58-cp37-cp37m-macosx_11_0_arm64.whl", hash = "sha256:4a13381bdfc0fb4b080efcc27c46561d0bd752f126226e9f19aa9cbcf6677f40"},
    {file = "opencv_python-4.5.4.58-cp37-cp37m-manylinux2014_aarch64.whl", hash = "sha256:ac852fcaac93439f2f7116ddffdc23fd366c872200ade2272446f9898180cecb"},
    {file = "opencv_python-4.5.4.58-cp37-cp37m-manylinux2014_x86_64.whl", hash = "sha256:02872e0a9358526646d691f390143e9c21109c210095314abaa0641211cda077"},
    {file = "opencv_python-4.5.4.58-cp37-cp37m-win32.whl", hash = "sha256:6b87bab220d17e03eeedbcc6652d9d7e7bb09886dbd0f810310697a948b4c6fd"},
    {file = "opencv_python-4.5.4.58-cp37-cp37m-win_amd64.whl", hash = "sha256:a2a7f09b8843b85f3e1b02c5ea3ddc0cb9f5ad9698380109b37069ee8db7746d"},
    {file = "opencv_python-4.5.4.58-cp38-cp38-macosx_10_15_x86_64.whl", hash = "sha256:c44f5c51e92322ed832607204249c190764dec6cf29e8ba6d679b10326be1c1b"},
    {file = "opencv_python-4.5.4.58-cp38-cp38-macosx_11_0_arm64.whl", hash = "sha256:9b2c198af083a693d42a82bddc4d1f7e6bb02c64192ff7fac1fd1d43a8cf1be6"},
    {file = "opencv_python-4.5.4.58-cp38-cp38-manylinux2014_aarch64.whl", hash = "sha256:637f4d3ad81bd27f273ede4c5fa6c26afb85c097c9715baf107cc270e37f5fea"},
    {file = "opencv_python-4.5.4.58-cp38-cp38-manylinux2014_x86_64.whl", hash = "sha256:2fff48a641a74d1def31c1e88f9e5ce50ba4d0f87d085dfbf8bc844e12f6cd54"},
    {file = "opencv_python-4.5.4.58-cp38-cp38-win32.whl", hash = "sha256:8ddf4dcd8199209e33f21deb0c6d8ab62b21802816bba895fefc346b6d2e522d"},
    {file = "opencv_python-4.5.4.58-cp38-cp38-win_amd64.whl", hash = "sha256:085c5fcf5a6479c34aca3fd0f59055e704083d6a44009d6583c675ff1a5a0625"},
    {file = "opencv_python-4.5.4.58-cp39-cp39-macosx_10_15_x86_64.whl", hash = "sha256:4abe9c4fb6fe16daa9fcdd68b5357d3530431341aa655203f8e84f394e1fe6d4"},
    {file = "opencv_python-4.5.4.58-cp39-cp39-macosx_11_0_arm64.whl", hash = "sha256:4b614fbd81aeda53ce28e645aaee18fda7c7f2a48eb7f1a70a7c6c3427946342"},
    {file = "opencv_python-4.5.4.58-cp39-cp39-manylinux_2_17_aarch64.manylinux2014_aarch64.whl", hash = "sha256:215bdf069847d4e3b0447a34e9eb4046dd4ca523d41fe4381c1c55f6704fd0dc"},
    {file = "opencv_python-4.5.4.58-cp39-cp39-manylinux_2_17_x86_64.manylinux2014_x86_64.whl", hash = "sha256:bc34cdbfbab463750713118c8259a5d364547adab8ed91e94ba888349f33590a"},
    {file = "opencv_python-4.5.4.58-cp39-cp39-win32.whl", hash = "sha256:9998ce60884f3cda074f02b56d2b57ee6bd863e2ddba132da2b0af3b9487d584"},
    {file = "opencv_python-4.5.4.58-cp39-cp39-win_amd64.whl", hash = "sha256:5370a11757fbe94b176771269aff599f4da8676c2a672b13bcbca043f2e3eea8"},
]
pillow = [
    {file = "Pillow-9.0.0-cp310-cp310-macosx_10_10_universal2.whl", hash = "sha256:113723312215b25c22df1fdf0e2da7a3b9c357a7d24a93ebbe80bfda4f37a8d4"},
    {file = "Pillow-9.0.0-cp310-cp310-macosx_11_0_arm64.whl", hash = "sha256:bb47a548cea95b86494a26c89d153fd31122ed65255db5dcbc421a2d28eb3379"},
    {file = "Pillow-9.0.0-cp310-cp310-manylinux_2_17_aarch64.manylinux2014_aarch64.whl", hash = "sha256:31b265496e603985fad54d52d11970383e317d11e18e856971bdbb86af7242a4"},
    {file = "Pillow-9.0.0-cp310-cp310-manylinux_2_17_i686.manylinux2014_i686.whl", hash = "sha256:d154ed971a4cc04b93a6d5b47f37948d1f621f25de3e8fa0c26b2d44f24e3e8f"},
    {file = "Pillow-9.0.0-cp310-cp310-manylinux_2_17_x86_64.manylinux2014_x86_64.whl", hash = "sha256:80fe92813d208ce8aa7d76da878bdc84b90809f79ccbad2a288e9bcbeac1d9bd"},
    {file = "Pillow-9.0.0-cp310-cp310-win32.whl", hash = "sha256:d5dcea1387331c905405b09cdbfb34611050cc52c865d71f2362f354faee1e9f"},
    {file = "Pillow-9.0.0-cp310-cp310-win_amd64.whl", hash = "sha256:52abae4c96b5da630a8b4247de5428f593465291e5b239f3f843a911a3cf0105"},
    {file = "Pillow-9.0.0-cp37-cp37m-macosx_10_10_x86_64.whl", hash = "sha256:72c3110228944019e5f27232296c5923398496b28be42535e3b2dc7297b6e8b6"},
    {file = "Pillow-9.0.0-cp37-cp37m-manylinux_2_17_aarch64.manylinux2014_aarch64.whl", hash = "sha256:97b6d21771da41497b81652d44191489296555b761684f82b7b544c49989110f"},
    {file = "Pillow-9.0.0-cp37-cp37m-manylinux_2_17_i686.manylinux2014_i686.whl", hash = "sha256:72f649d93d4cc4d8cf79c91ebc25137c358718ad75f99e99e043325ea7d56100"},
    {file = "Pillow-9.0.0-cp37-cp37m-manylinux_2_17_x86_64.manylinux2014_x86_64.whl", hash = "sha256:7aaf07085c756f6cb1c692ee0d5a86c531703b6e8c9cae581b31b562c16b98ce"},
    {file = "Pillow-9.0.0-cp37-cp37m-win32.whl", hash = "sha256:03b27b197deb4ee400ed57d8d4e572d2d8d80f825b6634daf6e2c18c3c6ccfa6"},
    {file = "Pillow-9.0.0-cp37-cp37m-win_amd64.whl", hash = "sha256:a09a9d4ec2b7887f7a088bbaacfd5c07160e746e3d47ec5e8050ae3b2a229e9f"},
    {file = "Pillow-9.0.0-cp38-cp38-macosx_10_10_x86_64.whl", hash = "sha256:490e52e99224858f154975db61c060686df8a6b3f0212a678e5d2e2ce24675c9"},
    {file = "Pillow-9.0.0-cp38-cp38-macosx_11_0_arm64.whl", hash = "sha256:500d397ddf4bbf2ca42e198399ac13e7841956c72645513e8ddf243b31ad2128"},
    {file = "Pillow-9.0.0-cp38-cp38-manylinux_2_17_aarch64.manylinux2014_aarch64.whl", hash = "sha256:0ebd8b9137630a7bbbff8c4b31e774ff05bbb90f7911d93ea2c9371e41039b52"},
    {file = "Pillow-9.0.0-cp38-cp38-manylinux_2_17_i686.manylinux2014_i686.whl", hash = "sha256:fd0e5062f11cb3e730450a7d9f323f4051b532781026395c4323b8ad055523c4"},
    {file = "Pillow-9.0.0-cp38-cp38-manylinux_2_17_x86_64.manylinux2014_x86_64.whl", hash = "sha256:9f3b4522148586d35e78313db4db0df4b759ddd7649ef70002b6c3767d0fdeb7"},
    {file = "Pillow-9.0.0-cp38-cp38-win32.whl", hash = "sha256:0b281fcadbb688607ea6ece7649c5d59d4bbd574e90db6cd030e9e85bde9fecc"},
    {file = "Pillow-9.0.0-cp38-cp38-win_amd64.whl", hash = "sha256:b5050d681bcf5c9f2570b93bee5d3ec8ae4cf23158812f91ed57f7126df91762"},
    {file = "Pillow-9.0.0-cp39-cp39-macosx_10_10_x86_64.whl", hash = "sha256:c2067b3bb0781f14059b112c9da5a91c80a600a97915b4f48b37f197895dd925"},
    {file = "Pillow-9.0.0-cp39-cp39-macosx_11_0_arm64.whl", hash = "sha256:2d16b6196fb7a54aff6b5e3ecd00f7c0bab1b56eee39214b2b223a9d938c50af"},
    {file = "Pillow-9.0.0-cp39-cp39-manylinux_2_17_aarch64.manylinux2014_aarch64.whl", hash = "sha256:98cb63ca63cb61f594511c06218ab4394bf80388b3d66cd61d0b1f63ee0ea69f"},
    {file = "Pillow-9.0.0-cp39-cp39-manylinux_2_17_i686.manylinux2014_i686.whl", hash = "sha256:bc462d24500ba707e9cbdef436c16e5c8cbf29908278af053008d9f689f56dee"},
    {file = "Pillow-9.0.0-cp39-cp39-manylinux_2_17_x86_64.manylinux2014_x86_64.whl", hash = "sha256:3586e12d874ce2f1bc875a3ffba98732ebb12e18fb6d97be482bd62b56803281"},
    {file = "Pillow-9.0.0-cp39-cp39-win32.whl", hash = "sha256:68e06f8b2248f6dc8b899c3e7ecf02c9f413aab622f4d6190df53a78b93d97a5"},
    {file = "Pillow-9.0.0-cp39-cp39-win_amd64.whl", hash = "sha256:6579f9ba84a3d4f1807c4aab4be06f373017fc65fff43498885ac50a9b47a553"},
    {file = "Pillow-9.0.0-pp37-pypy37_pp73-macosx_10_10_x86_64.whl", hash = "sha256:47f5cf60bcb9fbc46011f75c9b45a8b5ad077ca352a78185bd3e7f1d294b98bb"},
    {file = "Pillow-9.0.0-pp37-pypy37_pp73-manylinux_2_17_i686.manylinux2014_i686.whl", hash = "sha256:2fd8053e1f8ff1844419842fd474fc359676b2e2a2b66b11cc59f4fa0a301315"},
    {file = "Pillow-9.0.0-pp37-pypy37_pp73-manylinux_2_17_x86_64.manylinux2014_x86_64.whl", hash = "sha256:6c5439bfb35a89cac50e81c751317faea647b9a3ec11c039900cd6915831064d"},
    {file = "Pillow-9.0.0-pp38-pypy38_pp73-win_amd64.whl", hash = "sha256:95545137fc56ce8c10de646074d242001a112a92de169986abd8c88c27566a05"},
    {file = "Pillow-9.0.0.tar.gz", hash = "sha256:ee6e2963e92762923956fe5d3479b1fdc3b76c83f290aad131a2f98c3df0593e"},
]
pyimgur = [
    {file = "pyimgur-0.6.0-py2-none-any.whl", hash = "sha256:ad22deea062fe8e7412d0bdfc70cbf305a828c6390096d3523ed3d7dbeb2bdff"},
    {file = "pyimgur-0.6.0.tar.gz", hash = "sha256:f776ca7f14663bd9ac14a1380db62c87ed32231d159d2d167ad1cb817dcb9144"},
]
python-dotenv = [
    {file = "python-dotenv-0.19.1.tar.gz", hash = "sha256:14f8185cc8d494662683e6914addcb7e95374771e707601dfc70166946b4c4b8"},
    {file = "python_dotenv-0.19.1-py2.py3-none-any.whl", hash = "sha256:bbd3da593fc49c249397cbfbcc449cf36cb02e75afc8157fcc6a81df6fb7750a"},
]
python-telegram-bot = [
    {file = "python-telegram-bot-13.7.tar.gz", hash = "sha256:24df75459e335b96baffa6991679f844bd426978af5a69ca419a0ac43a40602c"},
    {file = "python_telegram_bot-13.7-py3-none-any.whl", hash = "sha256:3bf210862744068aa789d5110f8e3a00d98912ce50863384836440a18abf76b5"},
]
pytz = [
    {file = "pytz-2021.3-py2.py3-none-any.whl", hash = "sha256:3672058bc3453457b622aab7a1c3bfd5ab0bdae451512f6cf25f64ed37f5b87c"},
    {file = "pytz-2021.3.tar.gz", hash = "sha256:acad2d8b20a1af07d4e4c9d2e9285c5ed9104354062f275f3fcd88dcef4f1326"},
]
pytz-deprecation-shim = [
    {file = "pytz_deprecation_shim-0.1.0.post0-py2.py3-none-any.whl", hash = "sha256:8314c9692a636c8eb3bda879b9f119e350e93223ae83e70e80c31675a0fdc1a6"},
    {file = "pytz_deprecation_shim-0.1.0.post0.tar.gz", hash = "sha256:af097bae1b616dde5c5744441e2ddc69e74dfdcb0c263129610d85b87445a59d"},
]
requests = [
    {file = "requests-2.26.0-py2.py3-none-any.whl", hash = "sha256:6c1246513ecd5ecd4528a0906f910e8f0f9c6b8ec72030dc9fd154dc1a6efd24"},
    {file = "requests-2.26.0.tar.gz", hash = "sha256:b8aa58f8cf793ffd8782d3d8cb19e66ef36f7aba4353eec859e74678b01b07a7"},
]
six = [
    {file = "six-1.16.0-py2.py3-none-any.whl", hash = "sha256:8abb2f1d86890a2dfb989f9a77cfcfd3e47c2a354b01111771326f8aa26e0254"},
    {file = "six-1.16.0.tar.gz", hash = "sha256:1e61c37477a1626458e36f7b1d82aa5c9b094fa4802892072e49de9c60c4c926"},
]
tornado = [
    {file = "tornado-6.1-cp35-cp35m-macosx_10_9_x86_64.whl", hash = "sha256:d371e811d6b156d82aa5f9a4e08b58debf97c302a35714f6f45e35139c332e32"},
    {file = "tornado-6.1-cp35-cp35m-manylinux1_i686.whl", hash = "sha256:0d321a39c36e5f2c4ff12b4ed58d41390460f798422c4504e09eb5678e09998c"},
    {file = "tornado-6.1-cp35-cp35m-manylinux1_x86_64.whl", hash = "sha256:9de9e5188a782be6b1ce866e8a51bc76a0fbaa0e16613823fc38e4fc2556ad05"},
    {file = "tornado-6.1-cp35-cp35m-manylinux2010_i686.whl", hash = "sha256:61b32d06ae8a036a6607805e6720ef00a3c98207038444ba7fd3d169cd998910"},
    {file = "tornado-6.1-cp35-cp35m-manylinux2010_x86_64.whl", hash = "sha256:3e63498f680547ed24d2c71e6497f24bca791aca2fe116dbc2bd0ac7f191691b"},
    {file = "tornado-6.1-cp35-cp35m-manylinux2014_aarch64.whl", hash = "sha256:6c77c9937962577a6a76917845d06af6ab9197702a42e1346d8ae2e76b5e3675"},
    {file = "tornado-6.1-cp35-cp35m-win32.whl", hash = "sha256:6286efab1ed6e74b7028327365cf7346b1d777d63ab30e21a0f4d5b275fc17d5"},
    {file = "tornado-6.1-cp35-cp35m-win_amd64.whl", hash = "sha256:fa2ba70284fa42c2a5ecb35e322e68823288a4251f9ba9cc77be04ae15eada68"},
    {file = "tornado-6.1-cp36-cp36m-macosx_10_9_x86_64.whl", hash = "sha256:0a00ff4561e2929a2c37ce706cb8233b7907e0cdc22eab98888aca5dd3775feb"},
    {file = "tornado-6.1-cp36-cp36m-manylinux1_i686.whl", hash = "sha256:748290bf9112b581c525e6e6d3820621ff020ed95af6f17fedef416b27ed564c"},
    {file = "tornado-6.1-cp36-cp36m-manylinux1_x86_64.whl", hash = "sha256:e385b637ac3acaae8022e7e47dfa7b83d3620e432e3ecb9a3f7f58f150e50921"},
    {file = "tornado-6.1-cp36-cp36m-manylinux2010_i686.whl", hash = "sha256:25ad220258349a12ae87ede08a7b04aca51237721f63b1808d39bdb4b2164558"},
    {file = "tornado-6.1-cp36-cp36m-manylinux2010_x86_64.whl", hash = "sha256:65d98939f1a2e74b58839f8c4dab3b6b3c1ce84972ae712be02845e65391ac7c"},
    {file = "tornado-6.1-cp36-cp36m-manylinux2014_aarch64.whl", hash = "sha256:e519d64089b0876c7b467274468709dadf11e41d65f63bba207e04217f47c085"},
    {file = "tornado-6.1-cp36-cp36m-win32.whl", hash = "sha256:b87936fd2c317b6ee08a5741ea06b9d11a6074ef4cc42e031bc6403f82a32575"},
    {file = "tornado-6.1-cp36-cp36m-win_amd64.whl", hash = "sha256:cc0ee35043162abbf717b7df924597ade8e5395e7b66d18270116f8745ceb795"},
    {file = "tornado-6.1-cp37-cp37m-macosx_10_9_x86_64.whl", hash = "sha256:7250a3fa399f08ec9cb3f7b1b987955d17e044f1ade821b32e5f435130250d7f"},
    {file = "tornado-6.1-cp37-cp37m-manylinux1_i686.whl", hash = "sha256:ed3ad863b1b40cd1d4bd21e7498329ccaece75db5a5bf58cd3c9f130843e7102"},
    {file = "tornado-6.1-cp37-cp37m-manylinux1_x86_64.whl", hash = "sha256:dcef026f608f678c118779cd6591c8af6e9b4155c44e0d1bc0c87c036fb8c8c4"},
    {file = "tornado-6.1-cp37-cp37m-manylinux2010_i686.whl", hash = "sha256:70dec29e8ac485dbf57481baee40781c63e381bebea080991893cd297742b8fd"},
    {file = "tornado-6.1-cp37-cp37m-manylinux2010_x86_64.whl", hash = "sha256:d3f7594930c423fd9f5d1a76bee85a2c36fd8b4b16921cae7e965f22575e9c01"},
    {file = "tornado-6.1-cp37-cp37m-manylinux2014_aarch64.whl", hash = "sha256:3447475585bae2e77ecb832fc0300c3695516a47d46cefa0528181a34c5b9d3d"},
    {file = "tornado-6.1-cp37-cp37m-win32.whl", hash = "sha256:e7229e60ac41a1202444497ddde70a48d33909e484f96eb0da9baf8dc68541df"},
    {file = "tornado-6.1-cp37-cp37m-win_amd64.whl", hash = "sha256:cb5ec8eead331e3bb4ce8066cf06d2dfef1bfb1b2a73082dfe8a161301b76e37"},
    {file = "tornado-6.1-cp38-cp38-macosx_10_9_x86_64.whl", hash = "sha256:20241b3cb4f425e971cb0a8e4ffc9b0a861530ae3c52f2b0434e6c1b57e9fd95"},
    {file = "tornado-6.1-cp38-cp38-manylinux1_i686.whl", hash = "sha256:c77da1263aa361938476f04c4b6c8916001b90b2c2fdd92d8d535e1af48fba5a"},
    {file = "tornado-6.1-cp38-cp38-manylinux1_x86_64.whl", hash = "sha256:fba85b6cd9c39be262fcd23865652920832b61583de2a2ca907dbd8e8a8c81e5"},
    {file = "tornado-6.1-cp38-cp38-manylinux2010_i686.whl", hash = "sha256:1e8225a1070cd8eec59a996c43229fe8f95689cb16e552d130b9793cb570a288"},
    {file = "tornado-6.1-cp38-cp38-manylinux2010_x86_64.whl", hash = "sha256:d14d30e7f46a0476efb0deb5b61343b1526f73ebb5ed84f23dc794bdb88f9d9f"},
    {file = "tornado-6.1-cp38-cp38-manylinux2014_aarch64.whl", hash = "sha256:8f959b26f2634a091bb42241c3ed8d3cedb506e7c27b8dd5c7b9f745318ddbb6"},
    {file = "tornado-6.1-cp38-cp38-win32.whl", hash = "sha256:34ca2dac9e4d7afb0bed4677512e36a52f09caa6fded70b4e3e1c89dbd92c326"},
    {file = "tornado-6.1-cp38-cp38-win_amd64.whl", hash = "sha256:6196a5c39286cc37c024cd78834fb9345e464525d8991c21e908cc046d1cc02c"},
    {file = "tornado-6.1-cp39-cp39-macosx_10_9_x86_64.whl", hash = "sha256:f0ba29bafd8e7e22920567ce0d232c26d4d47c8b5cf4ed7b562b5db39fa199c5"},
    {file = "tornado-6.1-cp39-cp39-manylinux1_i686.whl", hash = "sha256:33892118b165401f291070100d6d09359ca74addda679b60390b09f8ef325ffe"},
    {file = "tornado-6.1-cp39-cp39-manylinux1_x86_64.whl", hash = "sha256:7da13da6f985aab7f6f28debab00c67ff9cbacd588e8477034c0652ac141feea"},
    {file = "tornado-6.1-cp39-cp39-manylinux2010_i686.whl", hash = "sha256:e0791ac58d91ac58f694d8d2957884df8e4e2f6687cdf367ef7eb7497f79eaa2"},
    {file = "tornado-6.1-cp39-cp39-manylinux2010_x86_64.whl", hash = "sha256:66324e4e1beede9ac79e60f88de548da58b1f8ab4b2f1354d8375774f997e6c0"},
    {file = "tornado-6.1-cp39-cp39-manylinux2014_aarch64.whl", hash = "sha256:a48900ecea1cbb71b8c71c620dee15b62f85f7c14189bdeee54966fbd9a0c5bd"},
    {file = "tornado-6.1-cp39-cp39-win32.whl", hash = "sha256:d3d20ea5782ba63ed13bc2b8c291a053c8d807a8fa927d941bd718468f7b950c"},
    {file = "tornado-6.1-cp39-cp39-win_amd64.whl", hash = "sha256:548430be2740e327b3fe0201abe471f314741efcb0067ec4f2d7dcfb4825f3e4"},
    {file = "tornado-6.1.tar.gz", hash = "sha256:33c6e81d7bd55b468d2e793517c909b139960b6c790a60b7991b9b6b76fb9791"},
]
tzdata = [
    {file = "tzdata-2021.5-py2.py3-none-any.whl", hash = "sha256:3eee491e22ebfe1e5cfcc97a4137cd70f092ce59144d81f8924a844de05ba8f5"},
    {file = "tzdata-2021.5.tar.gz", hash = "sha256:68dbe41afd01b867894bbdfd54fa03f468cfa4f0086bfb4adcd8de8f24f3ee21"},
]
tzlocal = [
    {file = "tzlocal-4.1-py3-none-any.whl", hash = "sha256:28ba8d9fcb6c9a782d6e0078b4f6627af1ea26aeaa32b4eab5324abc7df4149f"},
    {file = "tzlocal-4.1.tar.gz", hash = "sha256:0f28015ac68a5c067210400a9197fc5d36ba9bc3f8eaf1da3cbd59acdfed9e09"},
]
urllib3 = [
    {file = "urllib3-1.26.7-py2.py3-none-any.whl", hash = "sha256:c4fdf4019605b6e5423637e01bc9fe4daef873709a7973e195ceba0a62bbc844"},
    {file = "urllib3-1.26.7.tar.gz", hash = "sha256:4987c65554f7a2dbf30c18fd48778ef124af6fab771a377103da0585e2336ece"},
]
